// !$*UTF8*$!
{
	archiveVersion = 1;
	classes = {
	};
	objectVersion = 51;
	objects = {

/* Begin PBXBuildFile section */
		75C3D6B9B25161EE8584AE6C /* Pods_SocialLite_Dev_SocialLiteUITests.framework in Frameworks */ = {isa = PBXBuildFile; fileRef = 942B33D2D34F3A8A3F16D947 /* Pods_SocialLite_Dev_SocialLiteUITests.framework */; };
		A19963D9C85B523CB9AEEA48 /* Pods_SocialLite_Dev.framework in Frameworks */ = {isa = PBXBuildFile; fileRef = DE966767014D2BBD224B0B25 /* Pods_SocialLite_Dev.framework */; };
		A82A8CE483E190E34F6756CA /* Pods_SocialLite_Production.framework in Frameworks */ = {isa = PBXBuildFile; fileRef = 12C64F9510E4104B7A4FB6FF /* Pods_SocialLite_Production.framework */; };
		B33FCD2525FF927000F661A5 /* NewPostView.swift in Sources */ = {isa = PBXBuildFile; fileRef = B33FCD2425FF927000F661A5 /* NewPostView.swift */; };
		B33FCD2625FF927000F661A5 /* NewPostView.swift in Sources */ = {isa = PBXBuildFile; fileRef = B33FCD2425FF927000F661A5 /* NewPostView.swift */; };
		B33FCD2C25FF929100F661A5 /* UserPostsView.swift in Sources */ = {isa = PBXBuildFile; fileRef = B33FCD2B25FF929100F661A5 /* UserPostsView.swift */; };
		B33FCD2D25FF929100F661A5 /* UserPostsView.swift in Sources */ = {isa = PBXBuildFile; fileRef = B33FCD2B25FF929100F661A5 /* UserPostsView.swift */; };
		B3BF9AFC25FE557D00C776D2 /* AppState.swift in Sources */ = {isa = PBXBuildFile; fileRef = B3BF9AFB25FE557D00C776D2 /* AppState.swift */; };
		B3BF9AFD25FE557D00C776D2 /* AppState.swift in Sources */ = {isa = PBXBuildFile; fileRef = B3BF9AFB25FE557D00C776D2 /* AppState.swift */; };
		B3BF9B0325FE55C400C776D2 /* RootView.swift in Sources */ = {isa = PBXBuildFile; fileRef = B3BF9B0225FE55C400C776D2 /* RootView.swift */; };
		B3BF9B0425FE55C400C776D2 /* RootView.swift in Sources */ = {isa = PBXBuildFile; fileRef = B3BF9B0225FE55C400C776D2 /* RootView.swift */; };
		B3BF9B0A25FE55D600C776D2 /* LoginView.swift in Sources */ = {isa = PBXBuildFile; fileRef = B3BF9B0925FE55D600C776D2 /* LoginView.swift */; };
		B3BF9B0B25FE55D600C776D2 /* LoginView.swift in Sources */ = {isa = PBXBuildFile; fileRef = B3BF9B0925FE55D600C776D2 /* LoginView.swift */; };
		B3BF9B1125FE55EB00C776D2 /* TimelineView.swift in Sources */ = {isa = PBXBuildFile; fileRef = B3BF9B1025FE55EB00C776D2 /* TimelineView.swift */; };
		B3BF9B1225FE55EB00C776D2 /* TimelineView.swift in Sources */ = {isa = PBXBuildFile; fileRef = B3BF9B1025FE55EB00C776D2 /* TimelineView.swift */; };
		B3BF9B1825FE578200C776D2 /* SignUpView.swift in Sources */ = {isa = PBXBuildFile; fileRef = B3BF9B1725FE578200C776D2 /* SignUpView.swift */; };
		B3BF9B1925FE578200C776D2 /* SignUpView.swift in Sources */ = {isa = PBXBuildFile; fileRef = B3BF9B1725FE578200C776D2 /* SignUpView.swift */; };
		B3ED63BD25FDF4E70028E5F6 /* AppDelegate.swift in Sources */ = {isa = PBXBuildFile; fileRef = B3ED63BC25FDF4E70028E5F6 /* AppDelegate.swift */; };
		B3ED63BF25FDF4E70028E5F6 /* SceneDelegate.swift in Sources */ = {isa = PBXBuildFile; fileRef = B3ED63BE25FDF4E70028E5F6 /* SceneDelegate.swift */; };
		B3ED63C125FDF4E70028E5F6 /* ContentView.swift in Sources */ = {isa = PBXBuildFile; fileRef = B3ED63C025FDF4E70028E5F6 /* ContentView.swift */; };
		B3ED63C325FDF4E80028E5F6 /* Assets.xcassets in Resources */ = {isa = PBXBuildFile; fileRef = B3ED63C225FDF4E80028E5F6 /* Assets.xcassets */; };
		B3ED63C625FDF4E80028E5F6 /* Preview Assets.xcassets in Resources */ = {isa = PBXBuildFile; fileRef = B3ED63C525FDF4E80028E5F6 /* Preview Assets.xcassets */; };
		B3ED63C925FDF4E80028E5F6 /* LaunchScreen.storyboard in Resources */ = {isa = PBXBuildFile; fileRef = B3ED63C725FDF4E80028E5F6 /* LaunchScreen.storyboard */; };
		B3ED63D425FDF4E80028E5F6 /* SocialLiteTests.swift in Sources */ = {isa = PBXBuildFile; fileRef = B3ED63D325FDF4E80028E5F6 /* SocialLiteTests.swift */; };
		B3ED63DF25FDF4E80028E5F6 /* SocialLiteUITests.swift in Sources */ = {isa = PBXBuildFile; fileRef = B3ED63DE25FDF4E80028E5F6 /* SocialLiteUITests.swift */; };
		B3ED63F125FDF5300028E5F6 /* AppDelegate.swift in Sources */ = {isa = PBXBuildFile; fileRef = B3ED63BC25FDF4E70028E5F6 /* AppDelegate.swift */; };
		B3ED63F225FDF5300028E5F6 /* SceneDelegate.swift in Sources */ = {isa = PBXBuildFile; fileRef = B3ED63BE25FDF4E70028E5F6 /* SceneDelegate.swift */; };
		B3ED63F325FDF5300028E5F6 /* ContentView.swift in Sources */ = {isa = PBXBuildFile; fileRef = B3ED63C025FDF4E70028E5F6 /* ContentView.swift */; };
		B3ED63F625FDF5300028E5F6 /* LaunchScreen.storyboard in Resources */ = {isa = PBXBuildFile; fileRef = B3ED63C725FDF4E80028E5F6 /* LaunchScreen.storyboard */; };
		B3ED63F725FDF5300028E5F6 /* Preview Assets.xcassets in Resources */ = {isa = PBXBuildFile; fileRef = B3ED63C525FDF4E80028E5F6 /* Preview Assets.xcassets */; };
		B3ED63F825FDF5300028E5F6 /* Assets.xcassets in Resources */ = {isa = PBXBuildFile; fileRef = B3ED63C225FDF4E80028E5F6 /* Assets.xcassets */; };
		B3ED643C25FDF94E0028E5F6 /* GoogleService-Info.plist in Resources */ = {isa = PBXBuildFile; fileRef = B3ED643B25FDF94E0028E5F6 /* GoogleService-Info.plist */; };
		B3ED644225FDF9580028E5F6 /* GoogleService-Info.plist in Resources */ = {isa = PBXBuildFile; fileRef = B3ED644125FDF9580028E5F6 /* GoogleService-Info.plist */; };
		B3ED644C25FDFBD70028E5F6 /* User.swift in Sources */ = {isa = PBXBuildFile; fileRef = B3ED644B25FDFBD70028E5F6 /* User.swift */; };
		B3ED644D25FDFBD70028E5F6 /* User.swift in Sources */ = {isa = PBXBuildFile; fileRef = B3ED644B25FDFBD70028E5F6 /* User.swift */; };
		B3ED645725FDFD4E0028E5F6 /* Post.swift in Sources */ = {isa = PBXBuildFile; fileRef = B3ED645625FDFD4E0028E5F6 /* Post.swift */; };
		B3ED645825FDFD4E0028E5F6 /* Post.swift in Sources */ = {isa = PBXBuildFile; fileRef = B3ED645625FDFD4E0028E5F6 /* Post.swift */; };
		B3ED645F25FDFDF90028E5F6 /* User+Firebase.swift in Sources */ = {isa = PBXBuildFile; fileRef = B3ED645E25FDFDF90028E5F6 /* User+Firebase.swift */; };
		B3ED646025FDFDF90028E5F6 /* User+Firebase.swift in Sources */ = {isa = PBXBuildFile; fileRef = B3ED645E25FDFDF90028E5F6 /* User+Firebase.swift */; };
		B3ED646625FDFEB40028E5F6 /* Post+Firebase.swift in Sources */ = {isa = PBXBuildFile; fileRef = B3ED646525FDFEB40028E5F6 /* Post+Firebase.swift */; };
		B3ED646725FDFEB40028E5F6 /* Post+Firebase.swift in Sources */ = {isa = PBXBuildFile; fileRef = B3ED646525FDFEB40028E5F6 /* Post+Firebase.swift */; };
		B3ED647525FE11080028E5F6 /* AuthProtocol.swift in Sources */ = {isa = PBXBuildFile; fileRef = B3ED647425FE11080028E5F6 /* AuthProtocol.swift */; };
		B3ED647625FE11080028E5F6 /* AuthProtocol.swift in Sources */ = {isa = PBXBuildFile; fileRef = B3ED647425FE11080028E5F6 /* AuthProtocol.swift */; };
		B3ED647D25FE121C0028E5F6 /* FirebaseAuthManager.swift in Sources */ = {isa = PBXBuildFile; fileRef = B3ED647C25FE121C0028E5F6 /* FirebaseAuthManager.swift */; };
		B3ED647E25FE121C0028E5F6 /* FirebaseAuthManager.swift in Sources */ = {isa = PBXBuildFile; fileRef = B3ED647C25FE121C0028E5F6 /* FirebaseAuthManager.swift */; };
		B3ED648425FE12EB0028E5F6 /* DBProtocol.swift in Sources */ = {isa = PBXBuildFile; fileRef = B3ED648325FE12EB0028E5F6 /* DBProtocol.swift */; };
		B3ED648525FE12EB0028E5F6 /* DBProtocol.swift in Sources */ = {isa = PBXBuildFile; fileRef = B3ED648325FE12EB0028E5F6 /* DBProtocol.swift */; };
		B3ED648B25FE130D0028E5F6 /* FirebaseDBManager.swift in Sources */ = {isa = PBXBuildFile; fileRef = B3ED648A25FE130D0028E5F6 /* FirebaseDBManager.swift */; };
		B3ED648C25FE130D0028E5F6 /* FirebaseDBManager.swift in Sources */ = {isa = PBXBuildFile; fileRef = B3ED648A25FE130D0028E5F6 /* FirebaseDBManager.swift */; };
		B3ED649225FE386D0028E5F6 /* FirebaseAuthTests.swift in Sources */ = {isa = PBXBuildFile; fileRef = B3ED649125FE386D0028E5F6 /* FirebaseAuthTests.swift */; };
		B3ED64B225FE3B910028E5F6 /* FirebaseDBTests.swift in Sources */ = {isa = PBXBuildFile; fileRef = B3ED64B125FE3B910028E5F6 /* FirebaseDBTests.swift */; };
		C9A0E5934CF1ABD81876A827 /* Pods_SocialLiteTests.framework in Frameworks */ = {isa = PBXBuildFile; fileRef = 8B402ED7029B4FCF77707583 /* Pods_SocialLiteTests.framework */; };
/* End PBXBuildFile section */

/* Begin PBXContainerItemProxy section */
		B3ED63D025FDF4E80028E5F6 /* PBXContainerItemProxy */ = {
			isa = PBXContainerItemProxy;
			containerPortal = B3ED63B125FDF4E70028E5F6 /* Project object */;
			proxyType = 1;
			remoteGlobalIDString = B3ED63B825FDF4E70028E5F6;
			remoteInfo = SocialLite;
		};
		B3ED63DB25FDF4E80028E5F6 /* PBXContainerItemProxy */ = {
			isa = PBXContainerItemProxy;
			containerPortal = B3ED63B125FDF4E70028E5F6 /* Project object */;
			proxyType = 1;
			remoteGlobalIDString = B3ED63B825FDF4E70028E5F6;
			remoteInfo = SocialLite;
		};
/* End PBXContainerItemProxy section */

/* Begin PBXFileReference section */
		0592023A712F191A566F0AC2 /* Pods-SocialLite_Dev.debug.xcconfig */ = {isa = PBXFileReference; includeInIndex = 1; lastKnownFileType = text.xcconfig; name = "Pods-SocialLite_Dev.debug.xcconfig"; path = "Target Support Files/Pods-SocialLite_Dev/Pods-SocialLite_Dev.debug.xcconfig"; sourceTree = "<group>"; };
		059AF8EFA92E65199A0C6BEC /* Pods-SocialLite_Production.release.xcconfig */ = {isa = PBXFileReference; includeInIndex = 1; lastKnownFileType = text.xcconfig; name = "Pods-SocialLite_Production.release.xcconfig"; path = "Target Support Files/Pods-SocialLite_Production/Pods-SocialLite_Production.release.xcconfig"; sourceTree = "<group>"; };
		12C64F9510E4104B7A4FB6FF /* Pods_SocialLite_Production.framework */ = {isa = PBXFileReference; explicitFileType = wrapper.framework; includeInIndex = 0; path = Pods_SocialLite_Production.framework; sourceTree = BUILT_PRODUCTS_DIR; };
		3F64EF68231C89482D9FDEC1 /* Pods-SocialLite_Dev-SocialLiteUITests.debug.xcconfig */ = {isa = PBXFileReference; includeInIndex = 1; lastKnownFileType = text.xcconfig; name = "Pods-SocialLite_Dev-SocialLiteUITests.debug.xcconfig"; path = "Target Support Files/Pods-SocialLite_Dev-SocialLiteUITests/Pods-SocialLite_Dev-SocialLiteUITests.debug.xcconfig"; sourceTree = "<group>"; };
		48FA13666487B43207540721 /* Pods-SocialLiteTests.release.xcconfig */ = {isa = PBXFileReference; includeInIndex = 1; lastKnownFileType = text.xcconfig; name = "Pods-SocialLiteTests.release.xcconfig"; path = "Target Support Files/Pods-SocialLiteTests/Pods-SocialLiteTests.release.xcconfig"; sourceTree = "<group>"; };
		4E64A7C886277ECFDA9A699C /* Pods-SocialLite_Production.debug.xcconfig */ = {isa = PBXFileReference; includeInIndex = 1; lastKnownFileType = text.xcconfig; name = "Pods-SocialLite_Production.debug.xcconfig"; path = "Target Support Files/Pods-SocialLite_Production/Pods-SocialLite_Production.debug.xcconfig"; sourceTree = "<group>"; };
		8B402ED7029B4FCF77707583 /* Pods_SocialLiteTests.framework */ = {isa = PBXFileReference; explicitFileType = wrapper.framework; includeInIndex = 0; path = Pods_SocialLiteTests.framework; sourceTree = BUILT_PRODUCTS_DIR; };
		942B33D2D34F3A8A3F16D947 /* Pods_SocialLite_Dev_SocialLiteUITests.framework */ = {isa = PBXFileReference; explicitFileType = wrapper.framework; includeInIndex = 0; path = Pods_SocialLite_Dev_SocialLiteUITests.framework; sourceTree = BUILT_PRODUCTS_DIR; };
		B04BB746D73E8016E5D3A22F /* Pods-SocialLiteTests.debug.xcconfig */ = {isa = PBXFileReference; includeInIndex = 1; lastKnownFileType = text.xcconfig; name = "Pods-SocialLiteTests.debug.xcconfig"; path = "Target Support Files/Pods-SocialLiteTests/Pods-SocialLiteTests.debug.xcconfig"; sourceTree = "<group>"; };
		B33FCD2425FF927000F661A5 /* NewPostView.swift */ = {isa = PBXFileReference; lastKnownFileType = sourcecode.swift; path = NewPostView.swift; sourceTree = "<group>"; };
		B33FCD2B25FF929100F661A5 /* UserPostsView.swift */ = {isa = PBXFileReference; lastKnownFileType = sourcecode.swift; path = UserPostsView.swift; sourceTree = "<group>"; };
		B33FCD4B25FF96DB00F661A5 /* Info.plist */ = {isa = PBXFileReference; fileEncoding = 4; lastKnownFileType = text.plist.xml; path = Info.plist; sourceTree = "<group>"; };
		B33FCD5125FF96E900F661A5 /* Info.plist */ = {isa = PBXFileReference; fileEncoding = 4; lastKnownFileType = text.plist.xml; path = Info.plist; sourceTree = "<group>"; };
		B3BF9AFB25FE557D00C776D2 /* AppState.swift */ = {isa = PBXFileReference; lastKnownFileType = sourcecode.swift; path = AppState.swift; sourceTree = "<group>"; };
		B3BF9B0225FE55C400C776D2 /* RootView.swift */ = {isa = PBXFileReference; lastKnownFileType = sourcecode.swift; path = RootView.swift; sourceTree = "<group>"; };
		B3BF9B0925FE55D600C776D2 /* LoginView.swift */ = {isa = PBXFileReference; lastKnownFileType = sourcecode.swift; path = LoginView.swift; sourceTree = "<group>"; };
		B3BF9B1025FE55EB00C776D2 /* TimelineView.swift */ = {isa = PBXFileReference; lastKnownFileType = sourcecode.swift; path = TimelineView.swift; sourceTree = "<group>"; };
		B3BF9B1725FE578200C776D2 /* SignUpView.swift */ = {isa = PBXFileReference; lastKnownFileType = sourcecode.swift; path = SignUpView.swift; sourceTree = "<group>"; };
		B3ED63B925FDF4E70028E5F6 /* SocialLite_Dev.app */ = {isa = PBXFileReference; explicitFileType = wrapper.application; includeInIndex = 0; path = SocialLite_Dev.app; sourceTree = BUILT_PRODUCTS_DIR; };
		B3ED63BC25FDF4E70028E5F6 /* AppDelegate.swift */ = {isa = PBXFileReference; lastKnownFileType = sourcecode.swift; path = AppDelegate.swift; sourceTree = "<group>"; };
		B3ED63BE25FDF4E70028E5F6 /* SceneDelegate.swift */ = {isa = PBXFileReference; lastKnownFileType = sourcecode.swift; path = SceneDelegate.swift; sourceTree = "<group>"; };
		B3ED63C025FDF4E70028E5F6 /* ContentView.swift */ = {isa = PBXFileReference; lastKnownFileType = sourcecode.swift; path = ContentView.swift; sourceTree = "<group>"; };
		B3ED63C225FDF4E80028E5F6 /* Assets.xcassets */ = {isa = PBXFileReference; lastKnownFileType = folder.assetcatalog; path = Assets.xcassets; sourceTree = "<group>"; };
		B3ED63C525FDF4E80028E5F6 /* Preview Assets.xcassets */ = {isa = PBXFileReference; lastKnownFileType = folder.assetcatalog; path = "Preview Assets.xcassets"; sourceTree = "<group>"; };
		B3ED63C825FDF4E80028E5F6 /* Base */ = {isa = PBXFileReference; lastKnownFileType = file.storyboard; name = Base; path = Base.lproj/LaunchScreen.storyboard; sourceTree = "<group>"; };
		B3ED63CF25FDF4E80028E5F6 /* SocialLiteTests.xctest */ = {isa = PBXFileReference; explicitFileType = wrapper.cfbundle; includeInIndex = 0; path = SocialLiteTests.xctest; sourceTree = BUILT_PRODUCTS_DIR; };
		B3ED63D325FDF4E80028E5F6 /* SocialLiteTests.swift */ = {isa = PBXFileReference; lastKnownFileType = sourcecode.swift; path = SocialLiteTests.swift; sourceTree = "<group>"; };
		B3ED63D525FDF4E80028E5F6 /* Info.plist */ = {isa = PBXFileReference; lastKnownFileType = text.plist.xml; path = Info.plist; sourceTree = "<group>"; };
		B3ED63DA25FDF4E80028E5F6 /* SocialLiteUITests.xctest */ = {isa = PBXFileReference; explicitFileType = wrapper.cfbundle; includeInIndex = 0; path = SocialLiteUITests.xctest; sourceTree = BUILT_PRODUCTS_DIR; };
		B3ED63DE25FDF4E80028E5F6 /* SocialLiteUITests.swift */ = {isa = PBXFileReference; lastKnownFileType = sourcecode.swift; path = SocialLiteUITests.swift; sourceTree = "<group>"; };
		B3ED63E025FDF4E80028E5F6 /* Info.plist */ = {isa = PBXFileReference; lastKnownFileType = text.plist.xml; path = Info.plist; sourceTree = "<group>"; };
		B3ED63FC25FDF5300028E5F6 /* SocialLite_Production.app */ = {isa = PBXFileReference; explicitFileType = wrapper.application; includeInIndex = 0; path = SocialLite_Production.app; sourceTree = BUILT_PRODUCTS_DIR; };
		B3ED643B25FDF94E0028E5F6 /* GoogleService-Info.plist */ = {isa = PBXFileReference; fileEncoding = 4; lastKnownFileType = text.plist.xml; path = "GoogleService-Info.plist"; sourceTree = "<group>"; };
		B3ED644125FDF9580028E5F6 /* GoogleService-Info.plist */ = {isa = PBXFileReference; fileEncoding = 4; lastKnownFileType = text.plist.xml; path = "GoogleService-Info.plist"; sourceTree = "<group>"; };
		B3ED644B25FDFBD70028E5F6 /* User.swift */ = {isa = PBXFileReference; lastKnownFileType = sourcecode.swift; path = User.swift; sourceTree = "<group>"; };
		B3ED645625FDFD4E0028E5F6 /* Post.swift */ = {isa = PBXFileReference; lastKnownFileType = sourcecode.swift; path = Post.swift; sourceTree = "<group>"; };
		B3ED645E25FDFDF90028E5F6 /* User+Firebase.swift */ = {isa = PBXFileReference; lastKnownFileType = sourcecode.swift; path = "User+Firebase.swift"; sourceTree = "<group>"; };
		B3ED646525FDFEB40028E5F6 /* Post+Firebase.swift */ = {isa = PBXFileReference; lastKnownFileType = sourcecode.swift; path = "Post+Firebase.swift"; sourceTree = "<group>"; };
		B3ED647425FE11080028E5F6 /* AuthProtocol.swift */ = {isa = PBXFileReference; lastKnownFileType = sourcecode.swift; path = AuthProtocol.swift; sourceTree = "<group>"; };
		B3ED647C25FE121C0028E5F6 /* FirebaseAuthManager.swift */ = {isa = PBXFileReference; lastKnownFileType = sourcecode.swift; path = FirebaseAuthManager.swift; sourceTree = "<group>"; };
		B3ED648325FE12EB0028E5F6 /* DBProtocol.swift */ = {isa = PBXFileReference; lastKnownFileType = sourcecode.swift; path = DBProtocol.swift; sourceTree = "<group>"; };
		B3ED648A25FE130D0028E5F6 /* FirebaseDBManager.swift */ = {isa = PBXFileReference; lastKnownFileType = sourcecode.swift; path = FirebaseDBManager.swift; sourceTree = "<group>"; };
		B3ED649125FE386D0028E5F6 /* FirebaseAuthTests.swift */ = {isa = PBXFileReference; lastKnownFileType = sourcecode.swift; path = FirebaseAuthTests.swift; sourceTree = "<group>"; };
		B3ED64B125FE3B910028E5F6 /* FirebaseDBTests.swift */ = {isa = PBXFileReference; lastKnownFileType = sourcecode.swift; path = FirebaseDBTests.swift; sourceTree = "<group>"; };
		BE202890BB03C4ACBAA40332 /* Pods-SocialLite_Dev-SocialLiteUITests.release.xcconfig */ = {isa = PBXFileReference; includeInIndex = 1; lastKnownFileType = text.xcconfig; name = "Pods-SocialLite_Dev-SocialLiteUITests.release.xcconfig"; path = "Target Support Files/Pods-SocialLite_Dev-SocialLiteUITests/Pods-SocialLite_Dev-SocialLiteUITests.release.xcconfig"; sourceTree = "<group>"; };
		DE966767014D2BBD224B0B25 /* Pods_SocialLite_Dev.framework */ = {isa = PBXFileReference; explicitFileType = wrapper.framework; includeInIndex = 0; path = Pods_SocialLite_Dev.framework; sourceTree = BUILT_PRODUCTS_DIR; };
		F9535E044BA2264854510367 /* Pods-SocialLite_Dev.release.xcconfig */ = {isa = PBXFileReference; includeInIndex = 1; lastKnownFileType = text.xcconfig; name = "Pods-SocialLite_Dev.release.xcconfig"; path = "Target Support Files/Pods-SocialLite_Dev/Pods-SocialLite_Dev.release.xcconfig"; sourceTree = "<group>"; };
/* End PBXFileReference section */

/* Begin PBXFrameworksBuildPhase section */
		B3ED63B625FDF4E70028E5F6 /* Frameworks */ = {
			isa = PBXFrameworksBuildPhase;
			buildActionMask = 2147483647;
			files = (
				A19963D9C85B523CB9AEEA48 /* Pods_SocialLite_Dev.framework in Frameworks */,
			);
			runOnlyForDeploymentPostprocessing = 0;
		};
		B3ED63CC25FDF4E80028E5F6 /* Frameworks */ = {
			isa = PBXFrameworksBuildPhase;
			buildActionMask = 2147483647;
			files = (
				C9A0E5934CF1ABD81876A827 /* Pods_SocialLiteTests.framework in Frameworks */,
			);
			runOnlyForDeploymentPostprocessing = 0;
		};
		B3ED63D725FDF4E80028E5F6 /* Frameworks */ = {
			isa = PBXFrameworksBuildPhase;
			buildActionMask = 2147483647;
			files = (
				75C3D6B9B25161EE8584AE6C /* Pods_SocialLite_Dev_SocialLiteUITests.framework in Frameworks */,
			);
			runOnlyForDeploymentPostprocessing = 0;
		};
		B3ED63F425FDF5300028E5F6 /* Frameworks */ = {
			isa = PBXFrameworksBuildPhase;
			buildActionMask = 2147483647;
			files = (
				A82A8CE483E190E34F6756CA /* Pods_SocialLite_Production.framework in Frameworks */,
			);
			runOnlyForDeploymentPostprocessing = 0;
		};
/* End PBXFrameworksBuildPhase section */

/* Begin PBXGroup section */
		367A13B6C7A2CA267427A5E5 /* Pods */ = {
			isa = PBXGroup;
			children = (
				0592023A712F191A566F0AC2 /* Pods-SocialLite_Dev.debug.xcconfig */,
				F9535E044BA2264854510367 /* Pods-SocialLite_Dev.release.xcconfig */,
				4E64A7C886277ECFDA9A699C /* Pods-SocialLite_Production.debug.xcconfig */,
				059AF8EFA92E65199A0C6BEC /* Pods-SocialLite_Production.release.xcconfig */,
				B04BB746D73E8016E5D3A22F /* Pods-SocialLiteTests.debug.xcconfig */,
				48FA13666487B43207540721 /* Pods-SocialLiteTests.release.xcconfig */,
				3F64EF68231C89482D9FDEC1 /* Pods-SocialLite_Dev-SocialLiteUITests.debug.xcconfig */,
				BE202890BB03C4ACBAA40332 /* Pods-SocialLite_Dev-SocialLiteUITests.release.xcconfig */,
			);
			path = Pods;
			sourceTree = "<group>";
		};
		B3ED63B025FDF4E70028E5F6 = {
			isa = PBXGroup;
			children = (
				B3ED63BB25FDF4E70028E5F6 /* SocialLite */,
				B3ED63D225FDF4E80028E5F6 /* SocialLiteTests */,
				B3ED63DD25FDF4E80028E5F6 /* SocialLiteUITests */,
				B3ED63BA25FDF4E70028E5F6 /* Products */,
				367A13B6C7A2CA267427A5E5 /* Pods */,
				CB7EA108B2368D7E64F311FC /* Frameworks */,
			);
			sourceTree = "<group>";
		};
		B3ED63BA25FDF4E70028E5F6 /* Products */ = {
			isa = PBXGroup;
			children = (
				B3ED63B925FDF4E70028E5F6 /* SocialLite_Dev.app */,
				B3ED63CF25FDF4E80028E5F6 /* SocialLiteTests.xctest */,
				B3ED63DA25FDF4E80028E5F6 /* SocialLiteUITests.xctest */,
				B3ED63FC25FDF5300028E5F6 /* SocialLite_Production.app */,
			);
			name = Products;
			sourceTree = "<group>";
		};
		B3ED63BB25FDF4E70028E5F6 /* SocialLite */ = {
			isa = PBXGroup;
			children = (
				B3ED640625FDF5620028E5F6 /* config_dev */,
				B3ED640725FDF56B0028E5F6 /* config_production */,
				B3ED644825FDFA430028E5F6 /* Model */,
				B3ED644A25FDFA510028E5F6 /* Service */,
				B3ED644725FDFA3B0028E5F6 /* View */,
				B3ED644925FDFA4A0028E5F6 /* ViewModel */,
				B3ED63BC25FDF4E70028E5F6 /* AppDelegate.swift */,
				B3ED63BE25FDF4E70028E5F6 /* SceneDelegate.swift */,
				B3ED63C025FDF4E70028E5F6 /* ContentView.swift */,
				B3ED63C225FDF4E80028E5F6 /* Assets.xcassets */,
				B3ED63C725FDF4E80028E5F6 /* LaunchScreen.storyboard */,
				B3ED63C425FDF4E80028E5F6 /* Preview Content */,
			);
			path = SocialLite;
			sourceTree = "<group>";
		};
		B3ED63C425FDF4E80028E5F6 /* Preview Content */ = {
			isa = PBXGroup;
			children = (
				B3ED63C525FDF4E80028E5F6 /* Preview Assets.xcassets */,
			);
			path = "Preview Content";
			sourceTree = "<group>";
		};
		B3ED63D225FDF4E80028E5F6 /* SocialLiteTests */ = {
			isa = PBXGroup;
			children = (
				B3ED649125FE386D0028E5F6 /* FirebaseAuthTests.swift */,
				B3ED64B125FE3B910028E5F6 /* FirebaseDBTests.swift */,
				B3ED63D325FDF4E80028E5F6 /* SocialLiteTests.swift */,
				B3ED63D525FDF4E80028E5F6 /* Info.plist */,
			);
			path = SocialLiteTests;
			sourceTree = "<group>";
		};
		B3ED63DD25FDF4E80028E5F6 /* SocialLiteUITests */ = {
			isa = PBXGroup;
			children = (
				B3ED63DE25FDF4E80028E5F6 /* SocialLiteUITests.swift */,
				B3ED63E025FDF4E80028E5F6 /* Info.plist */,
			);
			path = SocialLiteUITests;
			sourceTree = "<group>";
		};
		B3ED640625FDF5620028E5F6 /* config_dev */ = {
			isa = PBXGroup;
			children = (
				B3ED643B25FDF94E0028E5F6 /* GoogleService-Info.plist */,
				B33FCD4B25FF96DB00F661A5 /* Info.plist */,
			);
			path = config_dev;
			sourceTree = "<group>";
		};
		B3ED640725FDF56B0028E5F6 /* config_production */ = {
			isa = PBXGroup;
			children = (
				B3ED644125FDF9580028E5F6 /* GoogleService-Info.plist */,
				B33FCD5125FF96E900F661A5 /* Info.plist */,
			);
			path = config_production;
			sourceTree = "<group>";
		};
		B3ED644725FDFA3B0028E5F6 /* View */ = {
			isa = PBXGroup;
			children = (
				B3BF9B0925FE55D600C776D2 /* LoginView.swift */,
				B33FCD2425FF927000F661A5 /* NewPostView.swift */,
				B3BF9B0225FE55C400C776D2 /* RootView.swift */,
				B3BF9B1725FE578200C776D2 /* SignUpView.swift */,
				B3BF9B1025FE55EB00C776D2 /* TimelineView.swift */,
				B33FCD2B25FF929100F661A5 /* UserPostsView.swift */,
			);
			path = View;
			sourceTree = "<group>";
		};
		B3ED644825FDFA430028E5F6 /* Model */ = {
			isa = PBXGroup;
			children = (
				B3ED645625FDFD4E0028E5F6 /* Post.swift */,
				B3ED644B25FDFBD70028E5F6 /* User.swift */,
				B3ED645D25FDFDEB0028E5F6 /* Firebase */,
			);
			path = Model;
			sourceTree = "<group>";
		};
		B3ED644925FDFA4A0028E5F6 /* ViewModel */ = {
			isa = PBXGroup;
			children = (
				B3BF9AFB25FE557D00C776D2 /* AppState.swift */,
			);
			path = ViewModel;
			sourceTree = "<group>";
		};
		B3ED644A25FDFA510028E5F6 /* Service */ = {
			isa = PBXGroup;
			children = (
				B3ED647425FE11080028E5F6 /* AuthProtocol.swift */,
				B3ED648325FE12EB0028E5F6 /* DBProtocol.swift */,
				B3ED647B25FE12100028E5F6 /* Firebase */,
			);
			path = Service;
			sourceTree = "<group>";
		};
		B3ED645D25FDFDEB0028E5F6 /* Firebase */ = {
			isa = PBXGroup;
			children = (
				B3ED645E25FDFDF90028E5F6 /* User+Firebase.swift */,
				B3ED646525FDFEB40028E5F6 /* Post+Firebase.swift */,
			);
			path = Firebase;
			sourceTree = "<group>";
		};
		B3ED647B25FE12100028E5F6 /* Firebase */ = {
			isa = PBXGroup;
			children = (
				B3ED647C25FE121C0028E5F6 /* FirebaseAuthManager.swift */,
				B3ED648A25FE130D0028E5F6 /* FirebaseDBManager.swift */,
			);
			path = Firebase;
			sourceTree = "<group>";
		};
		CB7EA108B2368D7E64F311FC /* Frameworks */ = {
			isa = PBXGroup;
			children = (
				DE966767014D2BBD224B0B25 /* Pods_SocialLite_Dev.framework */,
				12C64F9510E4104B7A4FB6FF /* Pods_SocialLite_Production.framework */,
				8B402ED7029B4FCF77707583 /* Pods_SocialLiteTests.framework */,
				942B33D2D34F3A8A3F16D947 /* Pods_SocialLite_Dev_SocialLiteUITests.framework */,
			);
			name = Frameworks;
			sourceTree = "<group>";
		};
/* End PBXGroup section */

/* Begin PBXNativeTarget section */
		B3ED63B825FDF4E70028E5F6 /* SocialLite_Dev */ = {
			isa = PBXNativeTarget;
			buildConfigurationList = B3ED63E325FDF4E80028E5F6 /* Build configuration list for PBXNativeTarget "SocialLite_Dev" */;
			buildPhases = (
				84C2D9F4336F4FF58164F60D /* [CP] Check Pods Manifest.lock */,
				B3ED63B525FDF4E70028E5F6 /* Sources */,
				B3ED63B625FDF4E70028E5F6 /* Frameworks */,
				B3ED63B725FDF4E70028E5F6 /* Resources */,
				A338C4DA2AD9862A55C40ABE /* [CP] Embed Pods Frameworks */,
			);
			buildRules = (
			);
			dependencies = (
			);
			name = SocialLite_Dev;
			productName = SocialLite;
			productReference = B3ED63B925FDF4E70028E5F6 /* SocialLite_Dev.app */;
			productType = "com.apple.product-type.application";
		};
		B3ED63CE25FDF4E80028E5F6 /* SocialLiteTests */ = {
			isa = PBXNativeTarget;
			buildConfigurationList = B3ED63E625FDF4E80028E5F6 /* Build configuration list for PBXNativeTarget "SocialLiteTests" */;
			buildPhases = (
				779B26C1711617B8C8A3D321 /* [CP] Check Pods Manifest.lock */,
				B3ED63CB25FDF4E80028E5F6 /* Sources */,
				B3ED63CC25FDF4E80028E5F6 /* Frameworks */,
				B3ED63CD25FDF4E80028E5F6 /* Resources */,
			);
			buildRules = (
			);
			dependencies = (
				B3ED63D125FDF4E80028E5F6 /* PBXTargetDependency */,
			);
			name = SocialLiteTests;
			productName = SocialLiteTests;
			productReference = B3ED63CF25FDF4E80028E5F6 /* SocialLiteTests.xctest */;
			productType = "com.apple.product-type.bundle.unit-test";
		};
		B3ED63D925FDF4E80028E5F6 /* SocialLiteUITests */ = {
			isa = PBXNativeTarget;
			buildConfigurationList = B3ED63E925FDF4E80028E5F6 /* Build configuration list for PBXNativeTarget "SocialLiteUITests" */;
			buildPhases = (
				3169A6E8CEF28FC0C0177735 /* [CP] Check Pods Manifest.lock */,
				B3ED63D625FDF4E80028E5F6 /* Sources */,
				B3ED63D725FDF4E80028E5F6 /* Frameworks */,
				B3ED63D825FDF4E80028E5F6 /* Resources */,
				C9794AFB865D3A8B1F3C1889 /* [CP] Embed Pods Frameworks */,
			);
			buildRules = (
			);
			dependencies = (
				B3ED63DC25FDF4E80028E5F6 /* PBXTargetDependency */,
			);
			name = SocialLiteUITests;
			productName = SocialLiteUITests;
			productReference = B3ED63DA25FDF4E80028E5F6 /* SocialLiteUITests.xctest */;
			productType = "com.apple.product-type.bundle.ui-testing";
		};
		B3ED63EF25FDF5300028E5F6 /* SocialLite_Production */ = {
			isa = PBXNativeTarget;
			buildConfigurationList = B3ED63F925FDF5300028E5F6 /* Build configuration list for PBXNativeTarget "SocialLite_Production" */;
			buildPhases = (
				C93CD7D6C3093DE0D2E19EF1 /* [CP] Check Pods Manifest.lock */,
				B3ED63F025FDF5300028E5F6 /* Sources */,
				B3ED63F425FDF5300028E5F6 /* Frameworks */,
				B3ED63F525FDF5300028E5F6 /* Resources */,
				DA45173555A76561D3734054 /* [CP] Embed Pods Frameworks */,
			);
			buildRules = (
			);
			dependencies = (
			);
			name = SocialLite_Production;
			productName = SocialLite;
			productReference = B3ED63FC25FDF5300028E5F6 /* SocialLite_Production.app */;
			productType = "com.apple.product-type.application";
		};
/* End PBXNativeTarget section */

/* Begin PBXProject section */
		B3ED63B125FDF4E70028E5F6 /* Project object */ = {
			isa = PBXProject;
			attributes = {
				LastSwiftUpdateCheck = 1240;
				LastUpgradeCheck = 1240;
				TargetAttributes = {
					B3ED63B825FDF4E70028E5F6 = {
						CreatedOnToolsVersion = 12.4;
					};
					B3ED63CE25FDF4E80028E5F6 = {
						CreatedOnToolsVersion = 12.4;
						TestTargetID = B3ED63B825FDF4E70028E5F6;
					};
					B3ED63D925FDF4E80028E5F6 = {
						CreatedOnToolsVersion = 12.4;
						TestTargetID = B3ED63B825FDF4E70028E5F6;
					};
				};
			};
			buildConfigurationList = B3ED63B425FDF4E70028E5F6 /* Build configuration list for PBXProject "SocialLite" */;
			compatibilityVersion = "Xcode 9.3";
			developmentRegion = en;
			hasScannedForEncodings = 0;
			knownRegions = (
				en,
				Base,
			);
			mainGroup = B3ED63B025FDF4E70028E5F6;
			productRefGroup = B3ED63BA25FDF4E70028E5F6 /* Products */;
			projectDirPath = "";
			projectRoot = "";
			targets = (
				B3ED63B825FDF4E70028E5F6 /* SocialLite_Dev */,
				B3ED63EF25FDF5300028E5F6 /* SocialLite_Production */,
				B3ED63CE25FDF4E80028E5F6 /* SocialLiteTests */,
				B3ED63D925FDF4E80028E5F6 /* SocialLiteUITests */,
			);
		};
/* End PBXProject section */

/* Begin PBXResourcesBuildPhase section */
		B3ED63B725FDF4E70028E5F6 /* Resources */ = {
			isa = PBXResourcesBuildPhase;
			buildActionMask = 2147483647;
			files = (
				B3ED63C925FDF4E80028E5F6 /* LaunchScreen.storyboard in Resources */,
				B3ED643C25FDF94E0028E5F6 /* GoogleService-Info.plist in Resources */,
				B3ED63C625FDF4E80028E5F6 /* Preview Assets.xcassets in Resources */,
				B3ED63C325FDF4E80028E5F6 /* Assets.xcassets in Resources */,
			);
			runOnlyForDeploymentPostprocessing = 0;
		};
		B3ED63CD25FDF4E80028E5F6 /* Resources */ = {
			isa = PBXResourcesBuildPhase;
			buildActionMask = 2147483647;
			files = (
			);
			runOnlyForDeploymentPostprocessing = 0;
		};
		B3ED63D825FDF4E80028E5F6 /* Resources */ = {
			isa = PBXResourcesBuildPhase;
			buildActionMask = 2147483647;
			files = (
			);
			runOnlyForDeploymentPostprocessing = 0;
		};
		B3ED63F525FDF5300028E5F6 /* Resources */ = {
			isa = PBXResourcesBuildPhase;
			buildActionMask = 2147483647;
			files = (
				B3ED63F625FDF5300028E5F6 /* LaunchScreen.storyboard in Resources */,
				B3ED644225FDF9580028E5F6 /* GoogleService-Info.plist in Resources */,
				B3ED63F725FDF5300028E5F6 /* Preview Assets.xcassets in Resources */,
				B3ED63F825FDF5300028E5F6 /* Assets.xcassets in Resources */,
			);
			runOnlyForDeploymentPostprocessing = 0;
		};
/* End PBXResourcesBuildPhase section */

/* Begin PBXShellScriptBuildPhase section */
		3169A6E8CEF28FC0C0177735 /* [CP] Check Pods Manifest.lock */ = {
			isa = PBXShellScriptBuildPhase;
			buildActionMask = 2147483647;
			files = (
			);
			inputFileListPaths = (
			);
			inputPaths = (
				"${PODS_PODFILE_DIR_PATH}/Podfile.lock",
				"${PODS_ROOT}/Manifest.lock",
			);
			name = "[CP] Check Pods Manifest.lock";
			outputFileListPaths = (
			);
			outputPaths = (
				"$(DERIVED_FILE_DIR)/Pods-SocialLite_Dev-SocialLiteUITests-checkManifestLockResult.txt",
			);
			runOnlyForDeploymentPostprocessing = 0;
			shellPath = /bin/sh;
			shellScript = "diff \"${PODS_PODFILE_DIR_PATH}/Podfile.lock\" \"${PODS_ROOT}/Manifest.lock\" > /dev/null\nif [ $? != 0 ] ; then\n    # print error to STDERR\n    echo \"error: The sandbox is not in sync with the Podfile.lock. Run 'pod install' or update your CocoaPods installation.\" >&2\n    exit 1\nfi\n# This output is used by Xcode 'outputs' to avoid re-running this script phase.\necho \"SUCCESS\" > \"${SCRIPT_OUTPUT_FILE_0}\"\n";
			showEnvVarsInLog = 0;
		};
		779B26C1711617B8C8A3D321 /* [CP] Check Pods Manifest.lock */ = {
			isa = PBXShellScriptBuildPhase;
			buildActionMask = 2147483647;
			files = (
			);
			inputFileListPaths = (
			);
			inputPaths = (
				"${PODS_PODFILE_DIR_PATH}/Podfile.lock",
				"${PODS_ROOT}/Manifest.lock",
			);
			name = "[CP] Check Pods Manifest.lock";
			outputFileListPaths = (
			);
			outputPaths = (
				"$(DERIVED_FILE_DIR)/Pods-SocialLiteTests-checkManifestLockResult.txt",
			);
			runOnlyForDeploymentPostprocessing = 0;
			shellPath = /bin/sh;
			shellScript = "diff \"${PODS_PODFILE_DIR_PATH}/Podfile.lock\" \"${PODS_ROOT}/Manifest.lock\" > /dev/null\nif [ $? != 0 ] ; then\n    # print error to STDERR\n    echo \"error: The sandbox is not in sync with the Podfile.lock. Run 'pod install' or update your CocoaPods installation.\" >&2\n    exit 1\nfi\n# This output is used by Xcode 'outputs' to avoid re-running this script phase.\necho \"SUCCESS\" > \"${SCRIPT_OUTPUT_FILE_0}\"\n";
			showEnvVarsInLog = 0;
		};
		84C2D9F4336F4FF58164F60D /* [CP] Check Pods Manifest.lock */ = {
			isa = PBXShellScriptBuildPhase;
			buildActionMask = 2147483647;
			files = (
			);
			inputFileListPaths = (
			);
			inputPaths = (
				"${PODS_PODFILE_DIR_PATH}/Podfile.lock",
				"${PODS_ROOT}/Manifest.lock",
			);
			name = "[CP] Check Pods Manifest.lock";
			outputFileListPaths = (
			);
			outputPaths = (
				"$(DERIVED_FILE_DIR)/Pods-SocialLite_Dev-checkManifestLockResult.txt",
			);
			runOnlyForDeploymentPostprocessing = 0;
			shellPath = /bin/sh;
			shellScript = "diff \"${PODS_PODFILE_DIR_PATH}/Podfile.lock\" \"${PODS_ROOT}/Manifest.lock\" > /dev/null\nif [ $? != 0 ] ; then\n    # print error to STDERR\n    echo \"error: The sandbox is not in sync with the Podfile.lock. Run 'pod install' or update your CocoaPods installation.\" >&2\n    exit 1\nfi\n# This output is used by Xcode 'outputs' to avoid re-running this script phase.\necho \"SUCCESS\" > \"${SCRIPT_OUTPUT_FILE_0}\"\n";
			showEnvVarsInLog = 0;
		};
		A338C4DA2AD9862A55C40ABE /* [CP] Embed Pods Frameworks */ = {
			isa = PBXShellScriptBuildPhase;
			buildActionMask = 2147483647;
			files = (
			);
			inputFileListPaths = (
				"${PODS_ROOT}/Target Support Files/Pods-SocialLite_Dev/Pods-SocialLite_Dev-frameworks-${CONFIGURATION}-input-files.xcfilelist",
			);
			name = "[CP] Embed Pods Frameworks";
			outputFileListPaths = (
				"${PODS_ROOT}/Target Support Files/Pods-SocialLite_Dev/Pods-SocialLite_Dev-frameworks-${CONFIGURATION}-output-files.xcfilelist",
			);
			runOnlyForDeploymentPostprocessing = 0;
			shellPath = /bin/sh;
			shellScript = "\"${PODS_ROOT}/Target Support Files/Pods-SocialLite_Dev/Pods-SocialLite_Dev-frameworks.sh\"\n";
			showEnvVarsInLog = 0;
		};
		C93CD7D6C3093DE0D2E19EF1 /* [CP] Check Pods Manifest.lock */ = {
			isa = PBXShellScriptBuildPhase;
			buildActionMask = 2147483647;
			files = (
			);
			inputFileListPaths = (
			);
			inputPaths = (
				"${PODS_PODFILE_DIR_PATH}/Podfile.lock",
				"${PODS_ROOT}/Manifest.lock",
			);
			name = "[CP] Check Pods Manifest.lock";
			outputFileListPaths = (
			);
			outputPaths = (
				"$(DERIVED_FILE_DIR)/Pods-SocialLite_Production-checkManifestLockResult.txt",
			);
			runOnlyForDeploymentPostprocessing = 0;
			shellPath = /bin/sh;
			shellScript = "diff \"${PODS_PODFILE_DIR_PATH}/Podfile.lock\" \"${PODS_ROOT}/Manifest.lock\" > /dev/null\nif [ $? != 0 ] ; then\n    # print error to STDERR\n    echo \"error: The sandbox is not in sync with the Podfile.lock. Run 'pod install' or update your CocoaPods installation.\" >&2\n    exit 1\nfi\n# This output is used by Xcode 'outputs' to avoid re-running this script phase.\necho \"SUCCESS\" > \"${SCRIPT_OUTPUT_FILE_0}\"\n";
			showEnvVarsInLog = 0;
		};
		C9794AFB865D3A8B1F3C1889 /* [CP] Embed Pods Frameworks */ = {
			isa = PBXShellScriptBuildPhase;
			buildActionMask = 2147483647;
			files = (
			);
			inputFileListPaths = (
				"${PODS_ROOT}/Target Support Files/Pods-SocialLite_Dev-SocialLiteUITests/Pods-SocialLite_Dev-SocialLiteUITests-frameworks-${CONFIGURATION}-input-files.xcfilelist",
			);
			name = "[CP] Embed Pods Frameworks";
			outputFileListPaths = (
				"${PODS_ROOT}/Target Support Files/Pods-SocialLite_Dev-SocialLiteUITests/Pods-SocialLite_Dev-SocialLiteUITests-frameworks-${CONFIGURATION}-output-files.xcfilelist",
			);
			runOnlyForDeploymentPostprocessing = 0;
			shellPath = /bin/sh;
			shellScript = "\"${PODS_ROOT}/Target Support Files/Pods-SocialLite_Dev-SocialLiteUITests/Pods-SocialLite_Dev-SocialLiteUITests-frameworks.sh\"\n";
			showEnvVarsInLog = 0;
		};
		DA45173555A76561D3734054 /* [CP] Embed Pods Frameworks */ = {
			isa = PBXShellScriptBuildPhase;
			buildActionMask = 2147483647;
			files = (
			);
			inputFileListPaths = (
				"${PODS_ROOT}/Target Support Files/Pods-SocialLite_Production/Pods-SocialLite_Production-frameworks-${CONFIGURATION}-input-files.xcfilelist",
			);
			name = "[CP] Embed Pods Frameworks";
			outputFileListPaths = (
				"${PODS_ROOT}/Target Support Files/Pods-SocialLite_Production/Pods-SocialLite_Production-frameworks-${CONFIGURATION}-output-files.xcfilelist",
			);
			runOnlyForDeploymentPostprocessing = 0;
			shellPath = /bin/sh;
			shellScript = "\"${PODS_ROOT}/Target Support Files/Pods-SocialLite_Production/Pods-SocialLite_Production-frameworks.sh\"\n";
			showEnvVarsInLog = 0;
		};
/* End PBXShellScriptBuildPhase section */

/* Begin PBXSourcesBuildPhase section */
		B3ED63B525FDF4E70028E5F6 /* Sources */ = {
			isa = PBXSourcesBuildPhase;
			buildActionMask = 2147483647;
			files = (
				B3ED644C25FDFBD70028E5F6 /* User.swift in Sources */,
				B3ED648425FE12EB0028E5F6 /* DBProtocol.swift in Sources */,
				B3ED647525FE11080028E5F6 /* AuthProtocol.swift in Sources */,
				B3BF9AFC25FE557D00C776D2 /* AppState.swift in Sources */,
				B3ED63BD25FDF4E70028E5F6 /* AppDelegate.swift in Sources */,
				B33FCD2C25FF929100F661A5 /* UserPostsView.swift in Sources */,
				B3ED647D25FE121C0028E5F6 /* FirebaseAuthManager.swift in Sources */,
				B3ED63BF25FDF4E70028E5F6 /* SceneDelegate.swift in Sources */,
				B3ED646625FDFEB40028E5F6 /* Post+Firebase.swift in Sources */,
				B3BF9B0A25FE55D600C776D2 /* LoginView.swift in Sources */,
				B3ED645F25FDFDF90028E5F6 /* User+Firebase.swift in Sources */,
				B3BF9B0325FE55C400C776D2 /* RootView.swift in Sources */,
				B3ED63C125FDF4E70028E5F6 /* ContentView.swift in Sources */,
				B3BF9B1825FE578200C776D2 /* SignUpView.swift in Sources */,
				B33FCD2525FF927000F661A5 /* NewPostView.swift in Sources */,
				B3ED645725FDFD4E0028E5F6 /* Post.swift in Sources */,
				B3BF9B1125FE55EB00C776D2 /* TimelineView.swift in Sources */,
				B3ED648B25FE130D0028E5F6 /* FirebaseDBManager.swift in Sources */,
			);
			runOnlyForDeploymentPostprocessing = 0;
		};
		B3ED63CB25FDF4E80028E5F6 /* Sources */ = {
			isa = PBXSourcesBuildPhase;
			buildActionMask = 2147483647;
			files = (
				B3ED649225FE386D0028E5F6 /* FirebaseAuthTests.swift in Sources */,
				B3ED64B225FE3B910028E5F6 /* FirebaseDBTests.swift in Sources */,
				B3ED63D425FDF4E80028E5F6 /* SocialLiteTests.swift in Sources */,
			);
			runOnlyForDeploymentPostprocessing = 0;
		};
		B3ED63D625FDF4E80028E5F6 /* Sources */ = {
			isa = PBXSourcesBuildPhase;
			buildActionMask = 2147483647;
			files = (
				B3ED63DF25FDF4E80028E5F6 /* SocialLiteUITests.swift in Sources */,
			);
			runOnlyForDeploymentPostprocessing = 0;
		};
		B3ED63F025FDF5300028E5F6 /* Sources */ = {
			isa = PBXSourcesBuildPhase;
			buildActionMask = 2147483647;
			files = (
				B3ED644D25FDFBD70028E5F6 /* User.swift in Sources */,
				B3ED648525FE12EB0028E5F6 /* DBProtocol.swift in Sources */,
				B3ED647625FE11080028E5F6 /* AuthProtocol.swift in Sources */,
				B3BF9AFD25FE557D00C776D2 /* AppState.swift in Sources */,
				B3ED63F125FDF5300028E5F6 /* AppDelegate.swift in Sources */,
				B33FCD2D25FF929100F661A5 /* UserPostsView.swift in Sources */,
				B3ED647E25FE121C0028E5F6 /* FirebaseAuthManager.swift in Sources */,
				B3ED63F225FDF5300028E5F6 /* SceneDelegate.swift in Sources */,
				B3ED646725FDFEB40028E5F6 /* Post+Firebase.swift in Sources */,
				B3BF9B0B25FE55D600C776D2 /* LoginView.swift in Sources */,
				B3ED646025FDFDF90028E5F6 /* User+Firebase.swift in Sources */,
				B3BF9B0425FE55C400C776D2 /* RootView.swift in Sources */,
				B3ED63F325FDF5300028E5F6 /* ContentView.swift in Sources */,
				B3BF9B1925FE578200C776D2 /* SignUpView.swift in Sources */,
				B33FCD2625FF927000F661A5 /* NewPostView.swift in Sources */,
				B3ED645825FDFD4E0028E5F6 /* Post.swift in Sources */,
				B3BF9B1225FE55EB00C776D2 /* TimelineView.swift in Sources */,
				B3ED648C25FE130D0028E5F6 /* FirebaseDBManager.swift in Sources */,
			);
			runOnlyForDeploymentPostprocessing = 0;
		};
/* End PBXSourcesBuildPhase section */

/* Begin PBXTargetDependency section */
		B3ED63D125FDF4E80028E5F6 /* PBXTargetDependency */ = {
			isa = PBXTargetDependency;
			target = B3ED63B825FDF4E70028E5F6 /* SocialLite_Dev */;
			targetProxy = B3ED63D025FDF4E80028E5F6 /* PBXContainerItemProxy */;
		};
		B3ED63DC25FDF4E80028E5F6 /* PBXTargetDependency */ = {
			isa = PBXTargetDependency;
			target = B3ED63B825FDF4E70028E5F6 /* SocialLite_Dev */;
			targetProxy = B3ED63DB25FDF4E80028E5F6 /* PBXContainerItemProxy */;
		};
/* End PBXTargetDependency section */

/* Begin PBXVariantGroup section */
		B3ED63C725FDF4E80028E5F6 /* LaunchScreen.storyboard */ = {
			isa = PBXVariantGroup;
			children = (
				B3ED63C825FDF4E80028E5F6 /* Base */,
			);
			name = LaunchScreen.storyboard;
			sourceTree = "<group>";
		};
/* End PBXVariantGroup section */

/* Begin XCBuildConfiguration section */
		B3ED63E125FDF4E80028E5F6 /* Debug */ = {
			isa = XCBuildConfiguration;
			buildSettings = {
				ALWAYS_SEARCH_USER_PATHS = NO;
				CLANG_ANALYZER_NONNULL = YES;
				CLANG_ANALYZER_NUMBER_OBJECT_CONVERSION = YES_AGGRESSIVE;
				CLANG_CXX_LANGUAGE_STANDARD = "gnu++14";
				CLANG_CXX_LIBRARY = "libc++";
				CLANG_ENABLE_MODULES = YES;
				CLANG_ENABLE_OBJC_ARC = YES;
				CLANG_ENABLE_OBJC_WEAK = YES;
				CLANG_WARN_BLOCK_CAPTURE_AUTORELEASING = YES;
				CLANG_WARN_BOOL_CONVERSION = YES;
				CLANG_WARN_COMMA = YES;
				CLANG_WARN_CONSTANT_CONVERSION = YES;
				CLANG_WARN_DEPRECATED_OBJC_IMPLEMENTATIONS = YES;
				CLANG_WARN_DIRECT_OBJC_ISA_USAGE = YES_ERROR;
				CLANG_WARN_DOCUMENTATION_COMMENTS = YES;
				CLANG_WARN_EMPTY_BODY = YES;
				CLANG_WARN_ENUM_CONVERSION = YES;
				CLANG_WARN_INFINITE_RECURSION = YES;
				CLANG_WARN_INT_CONVERSION = YES;
				CLANG_WARN_NON_LITERAL_NULL_CONVERSION = YES;
				CLANG_WARN_OBJC_IMPLICIT_RETAIN_SELF = YES;
				CLANG_WARN_OBJC_LITERAL_CONVERSION = YES;
				CLANG_WARN_OBJC_ROOT_CLASS = YES_ERROR;
				CLANG_WARN_QUOTED_INCLUDE_IN_FRAMEWORK_HEADER = YES;
				CLANG_WARN_RANGE_LOOP_ANALYSIS = YES;
				CLANG_WARN_STRICT_PROTOTYPES = YES;
				CLANG_WARN_SUSPICIOUS_MOVE = YES;
				CLANG_WARN_UNGUARDED_AVAILABILITY = YES_AGGRESSIVE;
				CLANG_WARN_UNREACHABLE_CODE = YES;
				CLANG_WARN__DUPLICATE_METHOD_MATCH = YES;
				COPY_PHASE_STRIP = NO;
				DEBUG_INFORMATION_FORMAT = dwarf;
				ENABLE_STRICT_OBJC_MSGSEND = YES;
				ENABLE_TESTABILITY = YES;
				GCC_C_LANGUAGE_STANDARD = gnu11;
				GCC_DYNAMIC_NO_PIC = NO;
				GCC_NO_COMMON_BLOCKS = YES;
				GCC_OPTIMIZATION_LEVEL = 0;
				GCC_PREPROCESSOR_DEFINITIONS = (
					"DEBUG=1",
					"$(inherited)",
				);
				GCC_WARN_64_TO_32_BIT_CONVERSION = YES;
				GCC_WARN_ABOUT_RETURN_TYPE = YES_ERROR;
				GCC_WARN_UNDECLARED_SELECTOR = YES;
				GCC_WARN_UNINITIALIZED_AUTOS = YES_AGGRESSIVE;
				GCC_WARN_UNUSED_FUNCTION = YES;
				GCC_WARN_UNUSED_VARIABLE = YES;
				IPHONEOS_DEPLOYMENT_TARGET = 14.4;
				MTL_ENABLE_DEBUG_INFO = INCLUDE_SOURCE;
				MTL_FAST_MATH = YES;
				ONLY_ACTIVE_ARCH = YES;
				SDKROOT = iphoneos;
				SWIFT_ACTIVE_COMPILATION_CONDITIONS = DEBUG;
				SWIFT_OPTIMIZATION_LEVEL = "-Onone";
			};
			name = Debug;
		};
		B3ED63E225FDF4E80028E5F6 /* Release */ = {
			isa = XCBuildConfiguration;
			buildSettings = {
				ALWAYS_SEARCH_USER_PATHS = NO;
				CLANG_ANALYZER_NONNULL = YES;
				CLANG_ANALYZER_NUMBER_OBJECT_CONVERSION = YES_AGGRESSIVE;
				CLANG_CXX_LANGUAGE_STANDARD = "gnu++14";
				CLANG_CXX_LIBRARY = "libc++";
				CLANG_ENABLE_MODULES = YES;
				CLANG_ENABLE_OBJC_ARC = YES;
				CLANG_ENABLE_OBJC_WEAK = YES;
				CLANG_WARN_BLOCK_CAPTURE_AUTORELEASING = YES;
				CLANG_WARN_BOOL_CONVERSION = YES;
				CLANG_WARN_COMMA = YES;
				CLANG_WARN_CONSTANT_CONVERSION = YES;
				CLANG_WARN_DEPRECATED_OBJC_IMPLEMENTATIONS = YES;
				CLANG_WARN_DIRECT_OBJC_ISA_USAGE = YES_ERROR;
				CLANG_WARN_DOCUMENTATION_COMMENTS = YES;
				CLANG_WARN_EMPTY_BODY = YES;
				CLANG_WARN_ENUM_CONVERSION = YES;
				CLANG_WARN_INFINITE_RECURSION = YES;
				CLANG_WARN_INT_CONVERSION = YES;
				CLANG_WARN_NON_LITERAL_NULL_CONVERSION = YES;
				CLANG_WARN_OBJC_IMPLICIT_RETAIN_SELF = YES;
				CLANG_WARN_OBJC_LITERAL_CONVERSION = YES;
				CLANG_WARN_OBJC_ROOT_CLASS = YES_ERROR;
				CLANG_WARN_QUOTED_INCLUDE_IN_FRAMEWORK_HEADER = YES;
				CLANG_WARN_RANGE_LOOP_ANALYSIS = YES;
				CLANG_WARN_STRICT_PROTOTYPES = YES;
				CLANG_WARN_SUSPICIOUS_MOVE = YES;
				CLANG_WARN_UNGUARDED_AVAILABILITY = YES_AGGRESSIVE;
				CLANG_WARN_UNREACHABLE_CODE = YES;
				CLANG_WARN__DUPLICATE_METHOD_MATCH = YES;
				COPY_PHASE_STRIP = NO;
				DEBUG_INFORMATION_FORMAT = "dwarf-with-dsym";
				ENABLE_NS_ASSERTIONS = NO;
				ENABLE_STRICT_OBJC_MSGSEND = YES;
				GCC_C_LANGUAGE_STANDARD = gnu11;
				GCC_NO_COMMON_BLOCKS = YES;
				GCC_WARN_64_TO_32_BIT_CONVERSION = YES;
				GCC_WARN_ABOUT_RETURN_TYPE = YES_ERROR;
				GCC_WARN_UNDECLARED_SELECTOR = YES;
				GCC_WARN_UNINITIALIZED_AUTOS = YES_AGGRESSIVE;
				GCC_WARN_UNUSED_FUNCTION = YES;
				GCC_WARN_UNUSED_VARIABLE = YES;
				IPHONEOS_DEPLOYMENT_TARGET = 14.4;
				MTL_ENABLE_DEBUG_INFO = NO;
				MTL_FAST_MATH = YES;
				SDKROOT = iphoneos;
				SWIFT_COMPILATION_MODE = wholemodule;
				SWIFT_OPTIMIZATION_LEVEL = "-O";
				VALIDATE_PRODUCT = YES;
			};
			name = Release;
		};
		B3ED63E425FDF4E80028E5F6 /* Debug */ = {
			isa = XCBuildConfiguration;
			baseConfigurationReference = 0592023A712F191A566F0AC2 /* Pods-SocialLite_Dev.debug.xcconfig */;
			buildSettings = {
				ASSETCATALOG_COMPILER_APPICON_NAME = AppIcon;
				ASSETCATALOG_COMPILER_GLOBAL_ACCENT_COLOR_NAME = AccentColor;
				CODE_SIGN_STYLE = Manual;
				DEVELOPMENT_ASSET_PATHS = "\"SocialLite/Preview Content\"";
				DEVELOPMENT_TEAM = "";
				ENABLE_PREVIEWS = YES;
				INFOPLIST_FILE = SocialLite/config_dev/Info.plist;
				LD_RUNPATH_SEARCH_PATHS = (
					"$(inherited)",
					"@executable_path/Frameworks",
				);
				MARKETING_VERSION = 1.0;
				PRODUCT_BUNDLE_IDENTIFIER = com.pc.sociallite.dev;
				PRODUCT_NAME = "$(TARGET_NAME)";
				PROVISIONING_PROFILE_SPECIFIER = "";
				SWIFT_VERSION = 5.0;
				TARGETED_DEVICE_FAMILY = "1,2";
			};
			name = Debug;
		};
		B3ED63E525FDF4E80028E5F6 /* Release */ = {
			isa = XCBuildConfiguration;
			baseConfigurationReference = F9535E044BA2264854510367 /* Pods-SocialLite_Dev.release.xcconfig */;
			buildSettings = {
				ASSETCATALOG_COMPILER_APPICON_NAME = AppIcon;
				ASSETCATALOG_COMPILER_GLOBAL_ACCENT_COLOR_NAME = AccentColor;
				CODE_SIGN_STYLE = Manual;
				DEVELOPMENT_ASSET_PATHS = "\"SocialLite/Preview Content\"";
				DEVELOPMENT_TEAM = "";
				ENABLE_PREVIEWS = YES;
				INFOPLIST_FILE = SocialLite/config_dev/Info.plist;
				LD_RUNPATH_SEARCH_PATHS = (
					"$(inherited)",
					"@executable_path/Frameworks",
				);
				MARKETING_VERSION = 1.0;
				PRODUCT_BUNDLE_IDENTIFIER = com.pc.sociallite.dev;
				PRODUCT_NAME = "$(TARGET_NAME)";
				PROVISIONING_PROFILE_SPECIFIER = "";
				SWIFT_VERSION = 5.0;
				TARGETED_DEVICE_FAMILY = "1,2";
			};
			name = Release;
		};
		B3ED63E725FDF4E80028E5F6 /* Debug */ = {
			isa = XCBuildConfiguration;
			baseConfigurationReference = B04BB746D73E8016E5D3A22F /* Pods-SocialLiteTests.debug.xcconfig */;
			buildSettings = {
				ALWAYS_EMBED_SWIFT_STANDARD_LIBRARIES = YES;
				BUNDLE_LOADER = "$(TEST_HOST)";
				CODE_SIGN_STYLE = Automatic;
				INFOPLIST_FILE = SocialLiteTests/Info.plist;
				IPHONEOS_DEPLOYMENT_TARGET = 14.4;
				LD_RUNPATH_SEARCH_PATHS = (
					"$(inherited)",
					"@executable_path/Frameworks",
					"@loader_path/Frameworks",
				);
				PRODUCT_BUNDLE_IDENTIFIER = com.pc.SocialLiteTests;
				PRODUCT_NAME = "$(TARGET_NAME)";
				SWIFT_VERSION = 5.0;
				TARGETED_DEVICE_FAMILY = "1,2";
				TEST_HOST = "$(BUILT_PRODUCTS_DIR)/SocialLite_Dev.app/SocialLite_Dev";
			};
			name = Debug;
		};
		B3ED63E825FDF4E80028E5F6 /* Release */ = {
			isa = XCBuildConfiguration;
			baseConfigurationReference = 48FA13666487B43207540721 /* Pods-SocialLiteTests.release.xcconfig */;
			buildSettings = {
				ALWAYS_EMBED_SWIFT_STANDARD_LIBRARIES = YES;
				BUNDLE_LOADER = "$(TEST_HOST)";
				CODE_SIGN_STYLE = Automatic;
				INFOPLIST_FILE = SocialLiteTests/Info.plist;
				IPHONEOS_DEPLOYMENT_TARGET = 14.4;
				LD_RUNPATH_SEARCH_PATHS = (
					"$(inherited)",
					"@executable_path/Frameworks",
					"@loader_path/Frameworks",
				);
				PRODUCT_BUNDLE_IDENTIFIER = com.pc.SocialLiteTests;
				PRODUCT_NAME = "$(TARGET_NAME)";
				SWIFT_VERSION = 5.0;
				TARGETED_DEVICE_FAMILY = "1,2";
				TEST_HOST = "$(BUILT_PRODUCTS_DIR)/SocialLite_Dev.app/SocialLite_Dev";
			};
			name = Release;
		};
		B3ED63EA25FDF4E80028E5F6 /* Debug */ = {
			isa = XCBuildConfiguration;
			baseConfigurationReference = 3F64EF68231C89482D9FDEC1 /* Pods-SocialLite_Dev-SocialLiteUITests.debug.xcconfig */;
			buildSettings = {
				ALWAYS_EMBED_SWIFT_STANDARD_LIBRARIES = YES;
				CODE_SIGN_STYLE = Automatic;
				INFOPLIST_FILE = SocialLiteUITests/Info.plist;
				LD_RUNPATH_SEARCH_PATHS = (
					"$(inherited)",
					"@executable_path/Frameworks",
					"@loader_path/Frameworks",
				);
				PRODUCT_BUNDLE_IDENTIFIER = com.pc.SocialLiteUITests;
				PRODUCT_NAME = "$(TARGET_NAME)";
				SWIFT_VERSION = 5.0;
				TARGETED_DEVICE_FAMILY = "1,2";
				TEST_TARGET_NAME = SocialLite;
			};
			name = Debug;
		};
		B3ED63EB25FDF4E80028E5F6 /* Release */ = {
			isa = XCBuildConfiguration;
			baseConfigurationReference = BE202890BB03C4ACBAA40332 /* Pods-SocialLite_Dev-SocialLiteUITests.release.xcconfig */;
			buildSettings = {
				ALWAYS_EMBED_SWIFT_STANDARD_LIBRARIES = YES;
				CODE_SIGN_STYLE = Automatic;
				INFOPLIST_FILE = SocialLiteUITests/Info.plist;
				LD_RUNPATH_SEARCH_PATHS = (
					"$(inherited)",
					"@executable_path/Frameworks",
					"@loader_path/Frameworks",
				);
				PRODUCT_BUNDLE_IDENTIFIER = com.pc.SocialLiteUITests;
				PRODUCT_NAME = "$(TARGET_NAME)";
				SWIFT_VERSION = 5.0;
				TARGETED_DEVICE_FAMILY = "1,2";
				TEST_TARGET_NAME = SocialLite;
			};
			name = Release;
		};
		B3ED63FA25FDF5300028E5F6 /* Debug */ = {
			isa = XCBuildConfiguration;
			baseConfigurationReference = 4E64A7C886277ECFDA9A699C /* Pods-SocialLite_Production.debug.xcconfig */;
			buildSettings = {
				ASSETCATALOG_COMPILER_APPICON_NAME = AppIcon;
				ASSETCATALOG_COMPILER_GLOBAL_ACCENT_COLOR_NAME = AccentColor;
				CODE_SIGN_STYLE = Manual;
				DEVELOPMENT_ASSET_PATHS = "\"SocialLite/Preview Content\"";
				DEVELOPMENT_TEAM = "";
				ENABLE_PREVIEWS = YES;
				INFOPLIST_FILE = SocialLite/config_production/Info.plist;
				LD_RUNPATH_SEARCH_PATHS = (
					"$(inherited)",
					"@executable_path/Frameworks",
				);
				PRODUCT_BUNDLE_IDENTIFIER = com.pc.sociallite;
				PRODUCT_NAME = "$(TARGET_NAME)";
				PROVISIONING_PROFILE_SPECIFIER = "";
				SWIFT_VERSION = 5.0;
				TARGETED_DEVICE_FAMILY = "1,2";
			};
			name = Debug;
		};
		B3ED63FB25FDF5300028E5F6 /* Release */ = {
			isa = XCBuildConfiguration;
			baseConfigurationReference = 059AF8EFA92E65199A0C6BEC /* Pods-SocialLite_Production.release.xcconfig */;
			buildSettings = {
				ASSETCATALOG_COMPILER_APPICON_NAME = AppIcon;
				ASSETCATALOG_COMPILER_GLOBAL_ACCENT_COLOR_NAME = AccentColor;
				CODE_SIGN_STYLE = Manual;
				DEVELOPMENT_ASSET_PATHS = "\"SocialLite/Preview Content\"";
				DEVELOPMENT_TEAM = "";
				ENABLE_PREVIEWS = YES;
				INFOPLIST_FILE = SocialLite/config_production/Info.plist;
				LD_RUNPATH_SEARCH_PATHS = (
					"$(inherited)",
					"@executable_path/Frameworks",
				);
				PRODUCT_BUNDLE_IDENTIFIER = com.pc.sociallite;
				PRODUCT_NAME = "$(TARGET_NAME)";
				PROVISIONING_PROFILE_SPECIFIER = "";
				SWIFT_VERSION = 5.0;
				TARGETED_DEVICE_FAMILY = "1,2";
			};
			name = Release;
		};
/* End XCBuildConfiguration section */

/* Begin XCConfigurationList section */
		B3ED63B425FDF4E70028E5F6 /* Build configuration list for PBXProject "SocialLite" */ = {
			isa = XCConfigurationList;
			buildConfigurations = (
				B3ED63E125FDF4E80028E5F6 /* Debug */,
				B3ED63E225FDF4E80028E5F6 /* Release */,
			);
			defaultConfigurationIsVisible = 0;
			defaultConfigurationName = Release;
		};
		B3ED63E325FDF4E80028E5F6 /* Build configuration list for PBXNativeTarget "SocialLite_Dev" */ = {
			isa = XCConfigurationList;
			buildConfigurations = (
				B3ED63E425FDF4E80028E5F6 /* Debug */,
				B3ED63E525FDF4E80028E5F6 /* Release */,
			);
			defaultConfigurationIsVisible = 0;
			defaultConfigurationName = Release;
		};
		B3ED63E625FDF4E80028E5F6 /* Build configuration list for PBXNativeTarget "SocialLiteTests" */ = {
			isa = XCConfigurationList;
			buildConfigurations = (
				B3ED63E725FDF4E80028E5F6 /* Debug */,
				B3ED63E825FDF4E80028E5F6 /* Release */,
			);
			defaultConfigurationIsVisible = 0;
			defaultConfigurationName = Release;
		};
		B3ED63E925FDF4E80028E5F6 /* Build configuration list for PBXNativeTarget "SocialLiteUITests" */ = {
			isa = XCConfigurationList;
			buildConfigurations = (
				B3ED63EA25FDF4E80028E5F6 /* Debug */,
				B3ED63EB25FDF4E80028E5F6 /* Release */,
			);
			defaultConfigurationIsVisible = 0;
			defaultConfigurationName = Release;
		};
		B3ED63F925FDF5300028E5F6 /* Build configuration list for PBXNativeTarget "SocialLite_Production" */ = {
			isa = XCConfigurationList;
			buildConfigurations = (
				B3ED63FA25FDF5300028E5F6 /* Debug */,
				B3ED63FB25FDF5300028E5F6 /* Release */,
			);
			defaultConfigurationIsVisible = 0;
			defaultConfigurationName = Release;
		};
/* End XCConfigurationList section */
	};
	rootObject = B3ED63B125FDF4E70028E5F6 /* Project object */;
}
